
Microsoft Visual Studio Solution File, Format Version 12.00
# Visual Studio Version 16
VisualStudioVersion = 16.0.32802.440
MinimumVisualStudioVersion = 10.0.40219.1
Project("{FAE04EC0-301F-11D3-BF4B-00C04F79EFBC}") = "iistest1", "iistest1\iistest1.csproj", "{89C7B932-06FD-408A-B4C1-8DEE9402D9BB}"
EndProject
Global
	GlobalSection(SolutionConfigurationPlatforms) = preSolution
		Debug|Any CPU = Debug|Any CPU
		Release|Any CPU = Release|Any CPU
	EndGlobalSection
	GlobalSection(ProjectConfigurationPlatforms) = postSolution
		{89C7B932-06FD-408A-B4C1-8DEE9402D9BB}.Debug|Any CPU.ActiveCfg = Debug|Any CPU
		{89C7B932-06FD-408A-B4C1-8DEE9402D9BB}.Debug|Any CPU.Build.0 = Debug|Any CPU
		{89C7B932-06FD-408A-B4C1-8DEE9402D9BB}.Release|Any CPU.ActiveCfg = Release|Any CPU
		{89C7B932-06FD-408A-B4C1-8DEE9402D9BB}.Release|Any CPU.Build.0 = Release|Any CPU
	EndGlobalSection
	GlobalSection(SolutionProperties) = preSolution
		HideSolutionNode = FALSE
	EndGlobalSection
	GlobalSection(ExtensibilityGlobals) = postSolution
		SolutionGuid = {9BE80E0F-A0B8-4AB9-A011-54DA65185F40}
	EndGlobalSection
EndGlobal
